
Microsoft Visual Studio Solution File, Format Version 12.00
# Visual Studio Version 17
VisualStudioVersion = 17.12.35521.163
MinimumVisualStudioVersion = 10.0.40219.1
Project("{FAE04EC0-301F-11D3-BF4B-00C04F79EFBC}") = "CareCal.Presentation", "CareCal.Presentation\CareCal.Presentation.csproj", "{33649F1E-BB56-4155-8243-94E1228B199F}"
EndProject
Project("{2150E333-8FDC-42A3-9474-1A3956D46DE8}") = "src", "src", "{C35E0466-9BC2-466F-9BBD-F04B9BEB6EE9}"
EndProject
Project("{FAE04EC0-301F-11D3-BF4B-00C04F79EFBC}") = "CareCal.Infrastructure", "CareCal.Infrastructure\CareCal.Infrastructure.csproj", "{ECFCE698-D131-48BB-8220-CA66B72C974E}"
EndProject
Project("{FAE04EC0-301F-11D3-BF4B-00C04F79EFBC}") = "CareCal.Domain", "CareCal.Domain\CareCal.Domain.csproj", "{3EF8F9E2-F351-4BDD-91B3-15A8CAFD4FC7}"
EndProject
Project("{FAE04EC0-301F-11D3-BF4B-00C04F79EFBC}") = "CareCal.Application", "CareCal.Application\CareCal.Application.csproj", "{618A8013-D47A-4CAF-B7DA-6E126C6DC328}"
EndProject
Global
	GlobalSection(SolutionConfigurationPlatforms) = preSolution
		Debug|Any CPU = Debug|Any CPU
		Release|Any CPU = Release|Any CPU
	EndGlobalSection
	GlobalSection(ProjectConfigurationPlatforms) = postSolution
		{33649F1E-BB56-4155-8243-94E1228B199F}.Debug|Any CPU.ActiveCfg = Debug|Any CPU
		{33649F1E-BB56-4155-8243-94E1228B199F}.Debug|Any CPU.Build.0 = Debug|Any CPU
		{33649F1E-BB56-4155-8243-94E1228B199F}.Release|Any CPU.ActiveCfg = Release|Any CPU
		{33649F1E-BB56-4155-8243-94E1228B199F}.Release|Any CPU.Build.0 = Release|Any CPU
		{ECFCE698-D131-48BB-8220-CA66B72C974E}.Debug|Any CPU.ActiveCfg = Debug|Any CPU
		{ECFCE698-D131-48BB-8220-CA66B72C974E}.Debug|Any CPU.Build.0 = Debug|Any CPU
		{ECFCE698-D131-48BB-8220-CA66B72C974E}.Release|Any CPU.ActiveCfg = Release|Any CPU
		{ECFCE698-D131-48BB-8220-CA66B72C974E}.Release|Any CPU.Build.0 = Release|Any CPU
		{3EF8F9E2-F351-4BDD-91B3-15A8CAFD4FC7}.Debug|Any CPU.ActiveCfg = Debug|Any CPU
		{3EF8F9E2-F351-4BDD-91B3-15A8CAFD4FC7}.Debug|Any CPU.Build.0 = Debug|Any CPU
		{3EF8F9E2-F351-4BDD-91B3-15A8CAFD4FC7}.Release|Any CPU.ActiveCfg = Release|Any CPU
		{3EF8F9E2-F351-4BDD-91B3-15A8CAFD4FC7}.Release|Any CPU.Build.0 = Release|Any CPU
		{618A8013-D47A-4CAF-B7DA-6E126C6DC328}.Debug|Any CPU.ActiveCfg = Debug|Any CPU
		{618A8013-D47A-4CAF-B7DA-6E126C6DC328}.Debug|Any CPU.Build.0 = Debug|Any CPU
		{618A8013-D47A-4CAF-B7DA-6E126C6DC328}.Release|Any CPU.ActiveCfg = Release|Any CPU
		{618A8013-D47A-4CAF-B7DA-6E126C6DC328}.Release|Any CPU.Build.0 = Release|Any CPU
	EndGlobalSection
	GlobalSection(SolutionProperties) = preSolution
		HideSolutionNode = FALSE
	EndGlobalSection
	GlobalSection(NestedProjects) = preSolution
		{33649F1E-BB56-4155-8243-94E1228B199F} = {C35E0466-9BC2-466F-9BBD-F04B9BEB6EE9}
		{ECFCE698-D131-48BB-8220-CA66B72C974E} = {C35E0466-9BC2-466F-9BBD-F04B9BEB6EE9}
		{3EF8F9E2-F351-4BDD-91B3-15A8CAFD4FC7} = {C35E0466-9BC2-466F-9BBD-F04B9BEB6EE9}
		{618A8013-D47A-4CAF-B7DA-6E126C6DC328} = {C35E0466-9BC2-466F-9BBD-F04B9BEB6EE9}
	EndGlobalSection
EndGlobal
